
Microsoft Visual Studio Solution File, Format Version 12.00
# Visual Studio Version 17
VisualStudioVersion = 17.0.32002.185
MinimumVisualStudioVersion = 10.0.40219.1
Project("{FAE04EC0-301F-11D3-BF4B-00C04F79EFBC}") = "wordle-word", "wordle-word\wordle-word.csproj", "{40B50EB0-4E24-4F6D-A4A9-E791DA879A5D}"
EndProject
Global
	GlobalSection(SolutionConfigurationPlatforms) = preSolution
		Debug|Any CPU = Debug|Any CPU
		Release|Any CPU = Release|Any CPU
	EndGlobalSection
	GlobalSection(ProjectConfigurationPlatforms) = postSolution
		{40B50EB0-4E24-4F6D-A4A9-E791DA879A5D}.Debug|Any CPU.ActiveCfg = Debug|Any CPU
		{40B50EB0-4E24-4F6D-A4A9-E791DA879A5D}.Debug|Any CPU.Build.0 = Debug|Any CPU
		{40B50EB0-4E24-4F6D-A4A9-E791DA879A5D}.Release|Any CPU.ActiveCfg = Release|Any CPU
		{40B50EB0-4E24-4F6D-A4A9-E791DA879A5D}.Release|Any CPU.Build.0 = Release|Any CPU
	EndGlobalSection
	GlobalSection(SolutionProperties) = preSolution
		HideSolutionNode = FALSE
	EndGlobalSection
	GlobalSection(ExtensibilityGlobals) = postSolution
		SolutionGuid = {F80533A6-B927-4909-87C7-A22C8AB78E24}
	EndGlobalSection
EndGlobal
